// !$*UTF8*$!
{
	archiveVersion = 1;
	classes = {
	};
	objectVersion = 56;
	objects = {

/* Begin PBXBuildFile section */
		C60768662AA0E1BE004CC947 /* AppDelegate.swift in Sources */ = {isa = PBXBuildFile; fileRef = C60768652AA0E1BE004CC947 /* AppDelegate.swift */; };
		C60768682AA0E1BE004CC947 /* SceneDelegate.swift in Sources */ = {isa = PBXBuildFile; fileRef = C60768672AA0E1BE004CC947 /* SceneDelegate.swift */; };
		C607686A2AA0E1BE004CC947 /* ViewController.swift in Sources */ = {isa = PBXBuildFile; fileRef = C60768692AA0E1BE004CC947 /* ViewController.swift */; };
		C607686D2AA0E1BE004CC947 /* Main.storyboard in Resources */ = {isa = PBXBuildFile; fileRef = C607686B2AA0E1BE004CC947 /* Main.storyboard */; };
		C60768702AA0E1BE004CC947 /* DarkModeApp.xcdatamodeld in Sources */ = {isa = PBXBuildFile; fileRef = C607686E2AA0E1BE004CC947 /* DarkModeApp.xcdatamodeld */; };
		C60768722AA0E1BE004CC947 /* Assets.xcassets in Resources */ = {isa = PBXBuildFile; fileRef = C60768712AA0E1BE004CC947 /* Assets.xcassets */; };
		C60768752AA0E1BE004CC947 /* LaunchScreen.storyboard in Resources */ = {isa = PBXBuildFile; fileRef = C60768732AA0E1BE004CC947 /* LaunchScreen.storyboard */; };
/* End PBXBuildFile section */

/* Begin PBXFileReference section */
		C60768622AA0E1BE004CC947 /* DarkModeApp.app */ = {isa = PBXFileReference; explicitFileType = wrapper.application; includeInIndex = 0; path = DarkModeApp.app; sourceTree = BUILT_PRODUCTS_DIR; };
		C60768652AA0E1BE004CC947 /* AppDelegate.swift */ = {isa = PBXFileReference; lastKnownFileType = sourcecode.swift; path = AppDelegate.swift; sourceTree = "<group>"; };
		C60768672AA0E1BE004CC947 /* SceneDelegate.swift */ = {isa = PBXFileReference; lastKnownFileType = sourcecode.swift; path = SceneDelegate.swift; sourceTree = "<group>"; };
		C60768692AA0E1BE004CC947 /* ViewController.swift */ = {isa = PBXFileReference; lastKnownFileType = sourcecode.swift; path = ViewController.swift; sourceTree = "<group>"; };
		C607686C2AA0E1BE004CC947 /* Base */ = {isa = PBXFileReference; lastKnownFileType = file.storyboard; name = Base; path = Base.lproj/Main.storyboard; sourceTree = "<group>"; };
		C607686F2AA0E1BE004CC947 /* DarkModeApp.xcdatamodel */ = {isa = PBXFileReference; lastKnownFileType = wrapper.xcdatamodel; path = DarkModeApp.xcdatamodel; sourceTree = "<group>"; };
		C60768712AA0E1BE004CC947 /* Assets.xcassets */ = {isa = PBXFileReference; lastKnownFileType = folder.assetcatalog; path = Assets.xcassets; sourceTree = "<group>"; };
		C60768742AA0E1BE004CC947 /* Base */ = {isa = PBXFileReference; lastKnownFileType = file.storyboard; name = Base; path = Base.lproj/LaunchScreen.storyboard; sourceTree = "<group>"; };
		C60768762AA0E1BE004CC947 /* Info.plist */ = {isa = PBXFileReference; lastKnownFileType = text.plist.xml; path = Info.plist; sourceTree = "<group>"; };
/* End PBXFileReference section */

/* Begin PBXFrameworksBuildPhase section */
		C607685F2AA0E1BE004CC947 /* Frameworks */ = {
			isa = PBXFrameworksBuildPhase;
			buildActionMask = 2147483647;
			files = (
			);
			runOnlyForDeploymentPostprocessing = 0;
		};
/* End PBXFrameworksBuildPhase section */

/* Begin PBXGroup section */
		C60768592AA0E1BD004CC947 = {
			isa = PBXGroup;
			children = (
				C60768642AA0E1BE004CC947 /* DarkModeApp */,
				C60768632AA0E1BE004CC947 /* Products */,
			);
			sourceTree = "<group>";
		};
		C60768632AA0E1BE004CC947 /* Products */ = {
			isa = PBXGroup;
			children = (
				C60768622AA0E1BE004CC947 /* DarkModeApp.app */,
			);
			name = Products;
			sourceTree = "<group>";
		};
		C60768642AA0E1BE004CC947 /* DarkModeApp */ = {
			isa = PBXGroup;
			children = (
				C60768652AA0E1BE004CC947 /* AppDelegate.swift */,
				C60768672AA0E1BE004CC947 /* SceneDelegate.swift */,
				C60768692AA0E1BE004CC947 /* ViewController.swift */,
				C607686B2AA0E1BE004CC947 /* Main.storyboard */,
				C60768712AA0E1BE004CC947 /* Assets.xcassets */,
				C60768732AA0E1BE004CC947 /* LaunchScreen.storyboard */,
				C60768762AA0E1BE004CC947 /* Info.plist */,
				C607686E2AA0E1BE004CC947 /* DarkModeApp.xcdatamodeld */,
			);
			path = DarkModeApp;
			sourceTree = "<group>";
		};
/* End PBXGroup section */

/* Begin PBXNativeTarget section */
		C60768612AA0E1BE004CC947 /* DarkModeApp */ = {
			isa = PBXNativeTarget;
			buildConfigurationList = C60768792AA0E1BE004CC947 /* Build configuration list for PBXNativeTarget "DarkModeApp" */;
			buildPhases = (
				C607685E2AA0E1BE004CC947 /* Sources */,
				C607685F2AA0E1BE004CC947 /* Frameworks */,
				C60768602AA0E1BE004CC947 /* Resources */,
			);
			buildRules = (
			);
			dependencies = (
			);
			name = DarkModeApp;
			productName = DarkModeApp;
			productReference = C60768622AA0E1BE004CC947 /* DarkModeApp.app */;
			productType = "com.apple.product-type.application";
		};
/* End PBXNativeTarget section */

/* Begin PBXProject section */
		C607685A2AA0E1BD004CC947 /* Project object */ = {
			isa = PBXProject;
			attributes = {
				BuildIndependentTargetsInParallel = 1;
				LastSwiftUpdateCheck = 1420;
				LastUpgradeCheck = 1420;
				TargetAttributes = {
					C60768612AA0E1BE004CC947 = {
						CreatedOnToolsVersion = 14.2;
					};
				};
			};
			buildConfigurationList = C607685D2AA0E1BD004CC947 /* Build configuration list for PBXProject "DarkModeApp" */;
			compatibilityVersion = "Xcode 14.0";
			developmentRegion = en;
			hasScannedForEncodings = 0;
			knownRegions = (
				en,
				Base,
			);
			mainGroup = C60768592AA0E1BD004CC947;
			productRefGroup = C60768632AA0E1BE004CC947 /* Products */;
			projectDirPath = "";
			projectRoot = "";
			targets = (
				C60768612AA0E1BE004CC947 /* DarkModeApp */,
			);
		};
/* End PBXProject section */

/* Begin PBXResourcesBuildPhase section */
		C60768602AA0E1BE004CC947 /* Resources */ = {
			isa = PBXResourcesBuildPhase;
			buildActionMask = 2147483647;
			files = (
				C60768752AA0E1BE004CC947 /* LaunchScreen.storyboard in Resources */,
				C60768722AA0E1BE004CC947 /* Assets.xcassets in Resources */,
				C607686D2AA0E1BE004CC947 /* Main.storyboard in Resources */,
			);
			runOnlyForDeploymentPostprocessing = 0;
		};
/* End PBXResourcesBuildPhase section */

/* Begin PBXSourcesBuildPhase section */
		C607685E2AA0E1BE004CC947 /* Sources */ = {
			isa = PBXSourcesBuildPhase;
			buildActionMask = 2147483647;
			files = (
				C60768702AA0E1BE004CC947 /* DarkModeApp.xcdatamodeld in Sources */,
				C607686A2AA0E1BE004CC947 /* ViewController.swift in Sources */,
				C60768662AA0E1BE004CC947 /* AppDelegate.swift in Sources */,
				C60768682AA0E1BE004CC947 /* SceneDelegate.swift in Sources */,
			);
			runOnlyForDeploymentPostprocessing = 0;
		};
/* End PBXSourcesBuildPhase section */

/* Begin PBXVariantGroup section */
		C607686B2AA0E1BE004CC947 /* Main.storyboard */ = {
			isa = PBXVariantGroup;
			children = (
				C607686C2AA0E1BE004CC947 /* Base */,
			);
			name = Main.storyboard;
			sourceTree = "<group>";
		};
		C60768732AA0E1BE004CC947 /* LaunchScreen.storyboard */ = {
			isa = PBXVariantGroup;
			children = (
				C60768742AA0E1BE004CC947 /* Base */,
			);
			name = LaunchScreen.storyboard;
			sourceTree = "<group>";
		};
/* End PBXVariantGroup section */

/* Begin XCBuildConfiguration section */
		C60768772AA0E1BE004CC947 /* Debug */ = {
			isa = XCBuildConfiguration;
			buildSettings = {
				ALWAYS_SEARCH_USER_PATHS = NO;
				CLANG_ANALYZER_NONNULL = YES;
				CLANG_ANALYZER_NUMBER_OBJECT_CONVERSION = YES_AGGRESSIVE;
				CLANG_CXX_LANGUAGE_STANDARD = "gnu++20";
				CLANG_ENABLE_MODULES = YES;
				CLANG_ENABLE_OBJC_ARC = YES;
				CLANG_ENABLE_OBJC_WEAK = YES;
				CLANG_WARN_BLOCK_CAPTURE_AUTORELEASING = YES;
				CLANG_WARN_BOOL_CONVERSION = YES;
				CLANG_WARN_COMMA = YES;
				CLANG_WARN_CONSTANT_CONVERSION = YES;
				CLANG_WARN_DEPRECATED_OBJC_IMPLEMENTATIONS = YES;
				CLANG_WARN_DIRECT_OBJC_ISA_USAGE = YES_ERROR;
				CLANG_WARN_DOCUMENTATION_COMMENTS = YES;
				CLANG_WARN_EMPTY_BODY = YES;
				CLANG_WARN_ENUM_CONVERSION = YES;
				CLANG_WARN_INFINITE_RECURSION = YES;
				CLANG_WARN_INT_CONVERSION = YES;
				CLANG_WARN_NON_LITERAL_NULL_CONVERSION = YES;
				CLANG_WARN_OBJC_IMPLICIT_RETAIN_SELF = YES;
				CLANG_WARN_OBJC_LITERAL_CONVERSION = YES;
				CLANG_WARN_OBJC_ROOT_CLASS = YES_ERROR;
				CLANG_WARN_QUOTED_INCLUDE_IN_FRAMEWORK_HEADER = YES;
				CLANG_WARN_RANGE_LOOP_ANALYSIS = YES;
				CLANG_WARN_STRICT_PROTOTYPES = YES;
				CLANG_WARN_SUSPICIOUS_MOVE = YES;
				CLANG_WARN_UNGUARDED_AVAILABILITY = YES_AGGRESSIVE;
				CLANG_WARN_UNREACHABLE_CODE = YES;
				CLANG_WARN__DUPLICATE_METHOD_MATCH = YES;
				COPY_PHASE_STRIP = NO;
				DEBUG_INFORMATION_FORMAT = dwarf;
				ENABLE_STRICT_OBJC_MSGSEND = YES;
				ENABLE_TESTABILITY = YES;
				GCC_C_LANGUAGE_STANDARD = gnu11;
				GCC_DYNAMIC_NO_PIC = NO;
				GCC_NO_COMMON_BLOCKS = YES;
				GCC_OPTIMIZATION_LEVEL = 0;
				GCC_PREPROCESSOR_DEFINITIONS = (
					"DEBUG=1",
					"$(inherited)",
				);
				GCC_WARN_64_TO_32_BIT_CONVERSION = YES;
				GCC_WARN_ABOUT_RETURN_TYPE = YES_ERROR;
				GCC_WARN_UNDECLARED_SELECTOR = YES;
				GCC_WARN_UNINITIALIZED_AUTOS = YES_AGGRESSIVE;
				GCC_WARN_UNUSED_FUNCTION = YES;
				GCC_WARN_UNUSED_VARIABLE = YES;
				IPHONEOS_DEPLOYMENT_TARGET = 16.2;
				MTL_ENABLE_DEBUG_INFO = INCLUDE_SOURCE;
				MTL_FAST_MATH = YES;
				ONLY_ACTIVE_ARCH = YES;
				SDKROOT = iphoneos;
				SWIFT_ACTIVE_COMPILATION_CONDITIONS = DEBUG;
				SWIFT_OPTIMIZATION_LEVEL = "-Onone";
			};
			name = Debug;
		};
		C60768782AA0E1BE004CC947 /* Release */ = {
			isa = XCBuildConfiguration;
			buildSettings = {
				ALWAYS_SEARCH_USER_PATHS = NO;
				CLANG_ANALYZER_NONNULL = YES;
				CLANG_ANALYZER_NUMBER_OBJECT_CONVERSION = YES_AGGRESSIVE;
				CLANG_CXX_LANGUAGE_STANDARD = "gnu++20";
				CLANG_ENABLE_MODULES = YES;
				CLANG_ENABLE_OBJC_ARC = YES;
				CLANG_ENABLE_OBJC_WEAK = YES;
				CLANG_WARN_BLOCK_CAPTURE_AUTORELEASING = YES;
				CLANG_WARN_BOOL_CONVERSION = YES;
				CLANG_WARN_COMMA = YES;
				CLANG_WARN_CONSTANT_CONVERSION = YES;
				CLANG_WARN_DEPRECATED_OBJC_IMPLEMENTATIONS = YES;
				CLANG_WARN_DIRECT_OBJC_ISA_USAGE = YES_ERROR;
				CLANG_WARN_DOCUMENTATION_COMMENTS = YES;
				CLANG_WARN_EMPTY_BODY = YES;
				CLANG_WARN_ENUM_CONVERSION = YES;
				CLANG_WARN_INFINITE_RECURSION = YES;
				CLANG_WARN_INT_CONVERSION = YES;
				CLANG_WARN_NON_LITERAL_NULL_CONVERSION = YES;
				CLANG_WARN_OBJC_IMPLICIT_RETAIN_SELF = YES;
				CLANG_WARN_OBJC_LITERAL_CONVERSION = YES;
				CLANG_WARN_OBJC_ROOT_CLASS = YES_ERROR;
				CLANG_WARN_QUOTED_INCLUDE_IN_FRAMEWORK_HEADER = YES;
				CLANG_WARN_RANGE_LOOP_ANALYSIS = YES;
				CLANG_WARN_STRICT_PROTOTYPES = YES;
				CLANG_WARN_SUSPICIOUS_MOVE = YES;
				CLANG_WARN_UNGUARDED_AVAILABILITY = YES_AGGRESSIVE;
				CLANG_WARN_UNREACHABLE_CODE = YES;
				CLANG_WARN__DUPLICATE_METHOD_MATCH = YES;
				COPY_PHASE_STRIP = NO;
				DEBUG_INFORMATION_FORMAT = "dwarf-with-dsym";
				ENABLE_NS_ASSERTIONS = NO;
				ENABLE_STRICT_OBJC_MSGSEND = YES;
				GCC_C_LANGUAGE_STANDARD = gnu11;
				GCC_NO_COMMON_BLOCKS = YES;
				GCC_WARN_64_TO_32_BIT_CONVERSION = YES;
				GCC_WARN_ABOUT_RETURN_TYPE = YES_ERROR;
				GCC_WARN_UNDECLARED_SELECTOR = YES;
				GCC_WARN_UNINITIALIZED_AUTOS = YES_AGGRESSIVE;
				GCC_WARN_UNUSED_FUNCTION = YES;
				GCC_WARN_UNUSED_VARIABLE = YES;
				IPHONEOS_DEPLOYMENT_TARGET = 16.2;
				MTL_ENABLE_DEBUG_INFO = NO;
				MTL_FAST_MATH = YES;
				SDKROOT = iphoneos;
				SWIFT_COMPILATION_MODE = wholemodule;
				SWIFT_OPTIMIZATION_LEVEL = "-O";
				VALIDATE_PRODUCT = YES;
			};
			name = Release;
		};
		C607687A2AA0E1BE004CC947 /* Debug */ = {
			isa = XCBuildConfiguration;
			buildSettings = {
				ASSETCATALOG_COMPILER_APPICON_NAME = AppIcon;
				ASSETCATALOG_COMPILER_GLOBAL_ACCENT_COLOR_NAME = AccentColor;
				CODE_SIGN_STYLE = Automatic;
				CURRENT_PROJECT_VERSION = 1;
				DEVELOPMENT_TEAM = 2AWZ8AKM2L;
				GENERATE_INFOPLIST_FILE = YES;
				INFOPLIST_FILE = DarkModeApp/Info.plist;
				INFOPLIST_KEY_UIApplicationSupportsIndirectInputEvents = YES;
				INFOPLIST_KEY_UILaunchStoryboardName = LaunchScreen;
				INFOPLIST_KEY_UIMainStoryboardFile = Main;
				INFOPLIST_KEY_UISupportedInterfaceOrientations_iPad = "UIInterfaceOrientationPortrait UIInterfaceOrientationPortraitUpsideDown UIInterfaceOrientationLandscapeLeft UIInterfaceOrientationLandscapeRight";
				INFOPLIST_KEY_UISupportedInterfaceOrientations_iPhone = "UIInterfaceOrientationPortrait UIInterfaceOrientationLandscapeLeft UIInterfaceOrientationLandscapeRight";
				LD_RUNPATH_SEARCH_PATHS = (
					"$(inherited)",
					"@executable_path/Frameworks",
				);
				MARKETING_VERSION = 1.0;
				PRODUCT_BUNDLE_IDENTIFIER = br.com.fiap.DarkModeApp;
				PRODUCT_NAME = "$(TARGET_NAME)";
				SWIFT_EMIT_LOC_STRINGS = YES;
				SWIFT_VERSION = 5.0;
				TARGETED_DEVICE_FAMILY = "1,2";
			};
			name = Debug;
		};
		C607687B2AA0E1BE004CC947 /* Release */ = {
			isa = XCBuildConfiguration;
			buildSettings = {
				ASSETCATALOG_COMPILER_APPICON_NAME = AppIcon;
				ASSETCATALOG_COMPILER_GLOBAL_ACCENT_COLOR_NAME = AccentColor;
				CODE_SIGN_STYLE = Automatic;
				CURRENT_PROJECT_VERSION = 1;
				DEVELOPMENT_TEAM = 2AWZ8AKM2L;
				GENERATE_INFOPLIST_FILE = YES;
				INFOPLIST_FILE = DarkModeApp/Info.plist;
				INFOPLIST_KEY_UIApplicationSupportsIndirectInputEvents = YES;
				INFOPLIST_KEY_UILaunchStoryboardName = LaunchScreen;
				INFOPLIST_KEY_UIMainStoryboardFile = Main;
				INFOPLIST_KEY_UISupportedInterfaceOrientations_iPad = "UIInterfaceOrientationPortrait UIInterfaceOrientationPortraitUpsideDown UIInterfaceOrientationLandscapeLeft UIInterfaceOrientationLandscapeRight";
				INFOPLIST_KEY_UISupportedInterfaceOrientations_iPhone = "UIInterfaceOrientationPortrait UIInterfaceOrientationLandscapeLeft UIInterfaceOrientationLandscapeRight";
				LD_RUNPATH_SEARCH_PATHS = (
					"$(inherited)",
					"@executable_path/Frameworks",
				);
				MARKETING_VERSION = 1.0;
				PRODUCT_BUNDLE_IDENTIFIER = br.com.fiap.DarkModeApp;
				PRODUCT_NAME = "$(TARGET_NAME)";
				SWIFT_EMIT_LOC_STRINGS = YES;
				SWIFT_VERSION = 5.0;
				TARGETED_DEVICE_FAMILY = "1,2";
			};
			name = Release;
		};
/* End XCBuildConfiguration section */

/* Begin XCConfigurationList section */
		C607685D2AA0E1BD004CC947 /* Build configuration list for PBXProject "DarkModeApp" */ = {
			isa = XCConfigurationList;
			buildConfigurations = (
				C60768772AA0E1BE004CC947 /* Debug */,
				C60768782AA0E1BE004CC947 /* Release */,
			);
			defaultConfigurationIsVisible = 0;
			defaultConfigurationName = Release;
		};
		C60768792AA0E1BE004CC947 /* Build configuration list for PBXNativeTarget "DarkModeApp" */ = {
			isa = XCConfigurationList;
			buildConfigurations = (
				C607687A2AA0E1BE004CC947 /* Debug */,
				C607687B2AA0E1BE004CC947 /* Release */,
			);
			defaultConfigurationIsVisible = 0;
			defaultConfigurationName = Release;
		};
/* End XCConfigurationList section */

/* Begin XCVersionGroup section */
		C607686E2AA0E1BE004CC947 /* DarkModeApp.xcdatamodeld */ = {
			isa = XCVersionGroup;
			children = (
				C607686F2AA0E1BE004CC947 /* DarkModeApp.xcdatamodel */,
			);
			currentVersion = C607686F2AA0E1BE004CC947 /* DarkModeApp.xcdatamodel */;
			path = DarkModeApp.xcdatamodeld;
			sourceTree = "<group>";
			versionGroupType = wrapper.xcdatamodel;
		};
/* End XCVersionGroup section */
	};
	rootObject = C607685A2AA0E1BD004CC947 /* Project object */;
}
