// !$*UTF8*$!
{
	archiveVersion = 1;
	classes = {
	};
	objectVersion = 56;
	objects = {

/* Begin PBXBuildFile section */
		C63446612A96DEAE006DD0CE /* AppDelegate.swift in Sources */ = {isa = PBXBuildFile; fileRef = C63446602A96DEAE006DD0CE /* AppDelegate.swift */; };
		C63446632A96DEAE006DD0CE /* SceneDelegate.swift in Sources */ = {isa = PBXBuildFile; fileRef = C63446622A96DEAE006DD0CE /* SceneDelegate.swift */; };
		C63446652A96DEAE006DD0CE /* ViewController.swift in Sources */ = {isa = PBXBuildFile; fileRef = C63446642A96DEAE006DD0CE /* ViewController.swift */; };
		C63446682A96DEAE006DD0CE /* Main.storyboard in Resources */ = {isa = PBXBuildFile; fileRef = C63446662A96DEAE006DD0CE /* Main.storyboard */; };
		C634466B2A96DEAE006DD0CE /* gamesExercicio.xcdatamodeld in Sources */ = {isa = PBXBuildFile; fileRef = C63446692A96DEAE006DD0CE /* gamesExercicio.xcdatamodeld */; };
		C634466D2A96DEB0006DD0CE /* Assets.xcassets in Resources */ = {isa = PBXBuildFile; fileRef = C634466C2A96DEB0006DD0CE /* Assets.xcassets */; };
		C63446702A96DEB0006DD0CE /* LaunchScreen.storyboard in Resources */ = {isa = PBXBuildFile; fileRef = C634466E2A96DEB0006DD0CE /* LaunchScreen.storyboard */; };
		C634467A2A96E7F4006DD0CE /* JogosTableViewController.swift in Sources */ = {isa = PBXBuildFile; fileRef = C63446792A96E7F4006DD0CE /* JogosTableViewController.swift */; };
/* End PBXBuildFile section */

/* Begin PBXFileReference section */
		C634465D2A96DEAE006DD0CE /* gamesExercicio.app */ = {isa = PBXFileReference; explicitFileType = wrapper.application; includeInIndex = 0; path = gamesExercicio.app; sourceTree = BUILT_PRODUCTS_DIR; };
		C63446602A96DEAE006DD0CE /* AppDelegate.swift */ = {isa = PBXFileReference; lastKnownFileType = sourcecode.swift; path = AppDelegate.swift; sourceTree = "<group>"; };
		C63446622A96DEAE006DD0CE /* SceneDelegate.swift */ = {isa = PBXFileReference; lastKnownFileType = sourcecode.swift; path = SceneDelegate.swift; sourceTree = "<group>"; };
		C63446642A96DEAE006DD0CE /* ViewController.swift */ = {isa = PBXFileReference; lastKnownFileType = sourcecode.swift; path = ViewController.swift; sourceTree = "<group>"; };
		C63446672A96DEAE006DD0CE /* Base */ = {isa = PBXFileReference; lastKnownFileType = file.storyboard; name = Base; path = Base.lproj/Main.storyboard; sourceTree = "<group>"; };
		C634466A2A96DEAE006DD0CE /* gamesExercicio.xcdatamodel */ = {isa = PBXFileReference; lastKnownFileType = wrapper.xcdatamodel; path = gamesExercicio.xcdatamodel; sourceTree = "<group>"; };
		C634466C2A96DEB0006DD0CE /* Assets.xcassets */ = {isa = PBXFileReference; lastKnownFileType = folder.assetcatalog; path = Assets.xcassets; sourceTree = "<group>"; };
		C634466F2A96DEB0006DD0CE /* Base */ = {isa = PBXFileReference; lastKnownFileType = file.storyboard; name = Base; path = Base.lproj/LaunchScreen.storyboard; sourceTree = "<group>"; };
		C63446712A96DEB0006DD0CE /* Info.plist */ = {isa = PBXFileReference; lastKnownFileType = text.plist.xml; path = Info.plist; sourceTree = "<group>"; };
		C63446792A96E7F4006DD0CE /* JogosTableViewController.swift */ = {isa = PBXFileReference; lastKnownFileType = sourcecode.swift; path = JogosTableViewController.swift; sourceTree = "<group>"; };
/* End PBXFileReference section */

/* Begin PBXFrameworksBuildPhase section */
		C634465A2A96DEAE006DD0CE /* Frameworks */ = {
			isa = PBXFrameworksBuildPhase;
			buildActionMask = 2147483647;
			files = (
			);
			runOnlyForDeploymentPostprocessing = 0;
		};
/* End PBXFrameworksBuildPhase section */

/* Begin PBXGroup section */
		C63446542A96DEAE006DD0CE = {
			isa = PBXGroup;
			children = (
				C634465F2A96DEAE006DD0CE /* gamesExercicio */,
				C634465E2A96DEAE006DD0CE /* Products */,
			);
			sourceTree = "<group>";
		};
		C634465E2A96DEAE006DD0CE /* Products */ = {
			isa = PBXGroup;
			children = (
				C634465D2A96DEAE006DD0CE /* gamesExercicio.app */,
			);
			name = Products;
			sourceTree = "<group>";
		};
		C634465F2A96DEAE006DD0CE /* gamesExercicio */ = {
			isa = PBXGroup;
			children = (
				C63446602A96DEAE006DD0CE /* AppDelegate.swift */,
				C63446622A96DEAE006DD0CE /* SceneDelegate.swift */,
				C63446642A96DEAE006DD0CE /* ViewController.swift */,
				C63446792A96E7F4006DD0CE /* JogosTableViewController.swift */,
				C63446662A96DEAE006DD0CE /* Main.storyboard */,
				C634466C2A96DEB0006DD0CE /* Assets.xcassets */,
				C634466E2A96DEB0006DD0CE /* LaunchScreen.storyboard */,
				C63446712A96DEB0006DD0CE /* Info.plist */,
				C63446692A96DEAE006DD0CE /* gamesExercicio.xcdatamodeld */,
			);
			path = gamesExercicio;
			sourceTree = "<group>";
		};
/* End PBXGroup section */

/* Begin PBXNativeTarget section */
		C634465C2A96DEAE006DD0CE /* gamesExercicio */ = {
			isa = PBXNativeTarget;
			buildConfigurationList = C63446742A96DEB0006DD0CE /* Build configuration list for PBXNativeTarget "gamesExercicio" */;
			buildPhases = (
				C63446592A96DEAE006DD0CE /* Sources */,
				C634465A2A96DEAE006DD0CE /* Frameworks */,
				C634465B2A96DEAE006DD0CE /* Resources */,
			);
			buildRules = (
			);
			dependencies = (
			);
			name = gamesExercicio;
			productName = gamesExercicio;
			productReference = C634465D2A96DEAE006DD0CE /* gamesExercicio.app */;
			productType = "com.apple.product-type.application";
		};
/* End PBXNativeTarget section */

/* Begin PBXProject section */
		C63446552A96DEAE006DD0CE /* Project object */ = {
			isa = PBXProject;
			attributes = {
				BuildIndependentTargetsInParallel = 1;
				LastSwiftUpdateCheck = 1420;
				LastUpgradeCheck = 1420;
				TargetAttributes = {
					C634465C2A96DEAE006DD0CE = {
						CreatedOnToolsVersion = 14.2;
					};
				};
			};
			buildConfigurationList = C63446582A96DEAE006DD0CE /* Build configuration list for PBXProject "gamesExercicio" */;
			compatibilityVersion = "Xcode 14.0";
			developmentRegion = en;
			hasScannedForEncodings = 0;
			knownRegions = (
				en,
				Base,
			);
			mainGroup = C63446542A96DEAE006DD0CE;
			productRefGroup = C634465E2A96DEAE006DD0CE /* Products */;
			projectDirPath = "";
			projectRoot = "";
			targets = (
				C634465C2A96DEAE006DD0CE /* gamesExercicio */,
			);
		};
/* End PBXProject section */

/* Begin PBXResourcesBuildPhase section */
		C634465B2A96DEAE006DD0CE /* Resources */ = {
			isa = PBXResourcesBuildPhase;
			buildActionMask = 2147483647;
			files = (
				C63446702A96DEB0006DD0CE /* LaunchScreen.storyboard in Resources */,
				C634466D2A96DEB0006DD0CE /* Assets.xcassets in Resources */,
				C63446682A96DEAE006DD0CE /* Main.storyboard in Resources */,
			);
			runOnlyForDeploymentPostprocessing = 0;
		};
/* End PBXResourcesBuildPhase section */

/* Begin PBXSourcesBuildPhase section */
		C63446592A96DEAE006DD0CE /* Sources */ = {
			isa = PBXSourcesBuildPhase;
			buildActionMask = 2147483647;
			files = (
				C63446652A96DEAE006DD0CE /* ViewController.swift in Sources */,
				C63446612A96DEAE006DD0CE /* AppDelegate.swift in Sources */,
				C634467A2A96E7F4006DD0CE /* JogosTableViewController.swift in Sources */,
				C63446632A96DEAE006DD0CE /* SceneDelegate.swift in Sources */,
				C634466B2A96DEAE006DD0CE /* gamesExercicio.xcdatamodeld in Sources */,
			);
			runOnlyForDeploymentPostprocessing = 0;
		};
/* End PBXSourcesBuildPhase section */

/* Begin PBXVariantGroup section */
		C63446662A96DEAE006DD0CE /* Main.storyboard */ = {
			isa = PBXVariantGroup;
			children = (
				C63446672A96DEAE006DD0CE /* Base */,
			);
			name = Main.storyboard;
			sourceTree = "<group>";
		};
		C634466E2A96DEB0006DD0CE /* LaunchScreen.storyboard */ = {
			isa = PBXVariantGroup;
			children = (
				C634466F2A96DEB0006DD0CE /* Base */,
			);
			name = LaunchScreen.storyboard;
			sourceTree = "<group>";
		};
/* End PBXVariantGroup section */

/* Begin XCBuildConfiguration section */
		C63446722A96DEB0006DD0CE /* Debug */ = {
			isa = XCBuildConfiguration;
			buildSettings = {
				ALWAYS_SEARCH_USER_PATHS = NO;
				CLANG_ANALYZER_NONNULL = YES;
				CLANG_ANALYZER_NUMBER_OBJECT_CONVERSION = YES_AGGRESSIVE;
				CLANG_CXX_LANGUAGE_STANDARD = "gnu++20";
				CLANG_ENABLE_MODULES = YES;
				CLANG_ENABLE_OBJC_ARC = YES;
				CLANG_ENABLE_OBJC_WEAK = YES;
				CLANG_WARN_BLOCK_CAPTURE_AUTORELEASING = YES;
				CLANG_WARN_BOOL_CONVERSION = YES;
				CLANG_WARN_COMMA = YES;
				CLANG_WARN_CONSTANT_CONVERSION = YES;
				CLANG_WARN_DEPRECATED_OBJC_IMPLEMENTATIONS = YES;
				CLANG_WARN_DIRECT_OBJC_ISA_USAGE = YES_ERROR;
				CLANG_WARN_DOCUMENTATION_COMMENTS = YES;
				CLANG_WARN_EMPTY_BODY = YES;
				CLANG_WARN_ENUM_CONVERSION = YES;
				CLANG_WARN_INFINITE_RECURSION = YES;
				CLANG_WARN_INT_CONVERSION = YES;
				CLANG_WARN_NON_LITERAL_NULL_CONVERSION = YES;
				CLANG_WARN_OBJC_IMPLICIT_RETAIN_SELF = YES;
				CLANG_WARN_OBJC_LITERAL_CONVERSION = YES;
				CLANG_WARN_OBJC_ROOT_CLASS = YES_ERROR;
				CLANG_WARN_QUOTED_INCLUDE_IN_FRAMEWORK_HEADER = YES;
				CLANG_WARN_RANGE_LOOP_ANALYSIS = YES;
				CLANG_WARN_STRICT_PROTOTYPES = YES;
				CLANG_WARN_SUSPICIOUS_MOVE = YES;
				CLANG_WARN_UNGUARDED_AVAILABILITY = YES_AGGRESSIVE;
				CLANG_WARN_UNREACHABLE_CODE = YES;
				CLANG_WARN__DUPLICATE_METHOD_MATCH = YES;
				COPY_PHASE_STRIP = NO;
				DEBUG_INFORMATION_FORMAT = dwarf;
				ENABLE_STRICT_OBJC_MSGSEND = YES;
				ENABLE_TESTABILITY = YES;
				GCC_C_LANGUAGE_STANDARD = gnu11;
				GCC_DYNAMIC_NO_PIC = NO;
				GCC_NO_COMMON_BLOCKS = YES;
				GCC_OPTIMIZATION_LEVEL = 0;
				GCC_PREPROCESSOR_DEFINITIONS = (
					"DEBUG=1",
					"$(inherited)",
				);
				GCC_WARN_64_TO_32_BIT_CONVERSION = YES;
				GCC_WARN_ABOUT_RETURN_TYPE = YES_ERROR;
				GCC_WARN_UNDECLARED_SELECTOR = YES;
				GCC_WARN_UNINITIALIZED_AUTOS = YES_AGGRESSIVE;
				GCC_WARN_UNUSED_FUNCTION = YES;
				GCC_WARN_UNUSED_VARIABLE = YES;
				IPHONEOS_DEPLOYMENT_TARGET = 16.2;
				MTL_ENABLE_DEBUG_INFO = INCLUDE_SOURCE;
				MTL_FAST_MATH = YES;
				ONLY_ACTIVE_ARCH = YES;
				SDKROOT = iphoneos;
				SWIFT_ACTIVE_COMPILATION_CONDITIONS = DEBUG;
				SWIFT_OPTIMIZATION_LEVEL = "-Onone";
			};
			name = Debug;
		};
		C63446732A96DEB0006DD0CE /* Release */ = {
			isa = XCBuildConfiguration;
			buildSettings = {
				ALWAYS_SEARCH_USER_PATHS = NO;
				CLANG_ANALYZER_NONNULL = YES;
				CLANG_ANALYZER_NUMBER_OBJECT_CONVERSION = YES_AGGRESSIVE;
				CLANG_CXX_LANGUAGE_STANDARD = "gnu++20";
				CLANG_ENABLE_MODULES = YES;
				CLANG_ENABLE_OBJC_ARC = YES;
				CLANG_ENABLE_OBJC_WEAK = YES;
				CLANG_WARN_BLOCK_CAPTURE_AUTORELEASING = YES;
				CLANG_WARN_BOOL_CONVERSION = YES;
				CLANG_WARN_COMMA = YES;
				CLANG_WARN_CONSTANT_CONVERSION = YES;
				CLANG_WARN_DEPRECATED_OBJC_IMPLEMENTATIONS = YES;
				CLANG_WARN_DIRECT_OBJC_ISA_USAGE = YES_ERROR;
				CLANG_WARN_DOCUMENTATION_COMMENTS = YES;
				CLANG_WARN_EMPTY_BODY = YES;
				CLANG_WARN_ENUM_CONVERSION = YES;
				CLANG_WARN_INFINITE_RECURSION = YES;
				CLANG_WARN_INT_CONVERSION = YES;
				CLANG_WARN_NON_LITERAL_NULL_CONVERSION = YES;
				CLANG_WARN_OBJC_IMPLICIT_RETAIN_SELF = YES;
				CLANG_WARN_OBJC_LITERAL_CONVERSION = YES;
				CLANG_WARN_OBJC_ROOT_CLASS = YES_ERROR;
				CLANG_WARN_QUOTED_INCLUDE_IN_FRAMEWORK_HEADER = YES;
				CLANG_WARN_RANGE_LOOP_ANALYSIS = YES;
				CLANG_WARN_STRICT_PROTOTYPES = YES;
				CLANG_WARN_SUSPICIOUS_MOVE = YES;
				CLANG_WARN_UNGUARDED_AVAILABILITY = YES_AGGRESSIVE;
				CLANG_WARN_UNREACHABLE_CODE = YES;
				CLANG_WARN__DUPLICATE_METHOD_MATCH = YES;
				COPY_PHASE_STRIP = NO;
				DEBUG_INFORMATION_FORMAT = "dwarf-with-dsym";
				ENABLE_NS_ASSERTIONS = NO;
				ENABLE_STRICT_OBJC_MSGSEND = YES;
				GCC_C_LANGUAGE_STANDARD = gnu11;
				GCC_NO_COMMON_BLOCKS = YES;
				GCC_WARN_64_TO_32_BIT_CONVERSION = YES;
				GCC_WARN_ABOUT_RETURN_TYPE = YES_ERROR;
				GCC_WARN_UNDECLARED_SELECTOR = YES;
				GCC_WARN_UNINITIALIZED_AUTOS = YES_AGGRESSIVE;
				GCC_WARN_UNUSED_FUNCTION = YES;
				GCC_WARN_UNUSED_VARIABLE = YES;
				IPHONEOS_DEPLOYMENT_TARGET = 16.2;
				MTL_ENABLE_DEBUG_INFO = NO;
				MTL_FAST_MATH = YES;
				SDKROOT = iphoneos;
				SWIFT_COMPILATION_MODE = wholemodule;
				SWIFT_OPTIMIZATION_LEVEL = "-O";
				VALIDATE_PRODUCT = YES;
			};
			name = Release;
		};
		C63446752A96DEB0006DD0CE /* Debug */ = {
			isa = XCBuildConfiguration;
			buildSettings = {
				ASSETCATALOG_COMPILER_APPICON_NAME = AppIcon;
				ASSETCATALOG_COMPILER_GLOBAL_ACCENT_COLOR_NAME = AccentColor;
				CODE_SIGN_STYLE = Automatic;
				CURRENT_PROJECT_VERSION = 1;
				DEVELOPMENT_TEAM = 2AWZ8AKM2L;
				GENERATE_INFOPLIST_FILE = YES;
				INFOPLIST_FILE = gamesExercicio/Info.plist;
				INFOPLIST_KEY_UIApplicationSupportsIndirectInputEvents = YES;
				INFOPLIST_KEY_UILaunchStoryboardName = LaunchScreen;
				INFOPLIST_KEY_UIMainStoryboardFile = Main;
				INFOPLIST_KEY_UISupportedInterfaceOrientations_iPad = "UIInterfaceOrientationPortrait UIInterfaceOrientationPortraitUpsideDown UIInterfaceOrientationLandscapeLeft UIInterfaceOrientationLandscapeRight";
				INFOPLIST_KEY_UISupportedInterfaceOrientations_iPhone = "UIInterfaceOrientationPortrait UIInterfaceOrientationLandscapeLeft UIInterfaceOrientationLandscapeRight";
				LD_RUNPATH_SEARCH_PATHS = (
					"$(inherited)",
					"@executable_path/Frameworks",
				);
				MARKETING_VERSION = 1.0;
				PRODUCT_BUNDLE_IDENTIFIER = br.com.fiap.gamesExercicio;
				PRODUCT_NAME = "$(TARGET_NAME)";
				SWIFT_EMIT_LOC_STRINGS = YES;
				SWIFT_VERSION = 5.0;
				TARGETED_DEVICE_FAMILY = "1,2";
			};
			name = Debug;
		};
		C63446762A96DEB0006DD0CE /* Release */ = {
			isa = XCBuildConfiguration;
			buildSettings = {
				ASSETCATALOG_COMPILER_APPICON_NAME = AppIcon;
				ASSETCATALOG_COMPILER_GLOBAL_ACCENT_COLOR_NAME = AccentColor;
				CODE_SIGN_STYLE = Automatic;
				CURRENT_PROJECT_VERSION = 1;
				DEVELOPMENT_TEAM = 2AWZ8AKM2L;
				GENERATE_INFOPLIST_FILE = YES;
				INFOPLIST_FILE = gamesExercicio/Info.plist;
				INFOPLIST_KEY_UIApplicationSupportsIndirectInputEvents = YES;
				INFOPLIST_KEY_UILaunchStoryboardName = LaunchScreen;
				INFOPLIST_KEY_UIMainStoryboardFile = Main;
				INFOPLIST_KEY_UISupportedInterfaceOrientations_iPad = "UIInterfaceOrientationPortrait UIInterfaceOrientationPortraitUpsideDown UIInterfaceOrientationLandscapeLeft UIInterfaceOrientationLandscapeRight";
				INFOPLIST_KEY_UISupportedInterfaceOrientations_iPhone = "UIInterfaceOrientationPortrait UIInterfaceOrientationLandscapeLeft UIInterfaceOrientationLandscapeRight";
				LD_RUNPATH_SEARCH_PATHS = (
					"$(inherited)",
					"@executable_path/Frameworks",
				);
				MARKETING_VERSION = 1.0;
				PRODUCT_BUNDLE_IDENTIFIER = br.com.fiap.gamesExercicio;
				PRODUCT_NAME = "$(TARGET_NAME)";
				SWIFT_EMIT_LOC_STRINGS = YES;
				SWIFT_VERSION = 5.0;
				TARGETED_DEVICE_FAMILY = "1,2";
			};
			name = Release;
		};
/* End XCBuildConfiguration section */

/* Begin XCConfigurationList section */
		C63446582A96DEAE006DD0CE /* Build configuration list for PBXProject "gamesExercicio" */ = {
			isa = XCConfigurationList;
			buildConfigurations = (
				C63446722A96DEB0006DD0CE /* Debug */,
				C63446732A96DEB0006DD0CE /* Release */,
			);
			defaultConfigurationIsVisible = 0;
			defaultConfigurationName = Release;
		};
		C63446742A96DEB0006DD0CE /* Build configuration list for PBXNativeTarget "gamesExercicio" */ = {
			isa = XCConfigurationList;
			buildConfigurations = (
				C63446752A96DEB0006DD0CE /* Debug */,
				C63446762A96DEB0006DD0CE /* Release */,
			);
			defaultConfigurationIsVisible = 0;
			defaultConfigurationName = Release;
		};
/* End XCConfigurationList section */

/* Begin XCVersionGroup section */
		C63446692A96DEAE006DD0CE /* gamesExercicio.xcdatamodeld */ = {
			isa = XCVersionGroup;
			children = (
				C634466A2A96DEAE006DD0CE /* gamesExercicio.xcdatamodel */,
			);
			currentVersion = C634466A2A96DEAE006DD0CE /* gamesExercicio.xcdatamodel */;
			path = gamesExercicio.xcdatamodeld;
			sourceTree = "<group>";
			versionGroupType = wrapper.xcdatamodel;
		};
/* End XCVersionGroup section */
	};
	rootObject = C63446552A96DEAE006DD0CE /* Project object */;
}
