// !$*UTF8*$!
{
	archiveVersion = 1;
	classes = {
	};
	objectVersion = 56;
	objects = {

/* Begin PBXBuildFile section */
		C61443332AD73DDF00152FDA /* AppDelegate.swift in Sources */ = {isa = PBXBuildFile; fileRef = C61443322AD73DDF00152FDA /* AppDelegate.swift */; };
		C61443352AD73DDF00152FDA /* SceneDelegate.swift in Sources */ = {isa = PBXBuildFile; fileRef = C61443342AD73DDF00152FDA /* SceneDelegate.swift */; };
		C61443372AD73DDF00152FDA /* ViewController.swift in Sources */ = {isa = PBXBuildFile; fileRef = C61443362AD73DDF00152FDA /* ViewController.swift */; };
		C614433A2AD73DDF00152FDA /* Main.storyboard in Resources */ = {isa = PBXBuildFile; fileRef = C61443382AD73DDF00152FDA /* Main.storyboard */; };
		C614433C2AD73DDF00152FDA /* Assets.xcassets in Resources */ = {isa = PBXBuildFile; fileRef = C614433B2AD73DDF00152FDA /* Assets.xcassets */; };
		C614433F2AD73DDF00152FDA /* LaunchScreen.storyboard in Resources */ = {isa = PBXBuildFile; fileRef = C614433D2AD73DDF00152FDA /* LaunchScreen.storyboard */; };
		C61443472AD73F9D00152FDA /* TopFreeApp.swift in Sources */ = {isa = PBXBuildFile; fileRef = C61443462AD73F9D00152FDA /* TopFreeApp.swift */; };
/* End PBXBuildFile section */

/* Begin PBXFileReference section */
		C614432F2AD73DDF00152FDA /* TopFreeApp-Met2-Swift.app */ = {isa = PBXFileReference; explicitFileType = wrapper.application; includeInIndex = 0; path = "TopFreeApp-Met2-Swift.app"; sourceTree = BUILT_PRODUCTS_DIR; };
		C61443322AD73DDF00152FDA /* AppDelegate.swift */ = {isa = PBXFileReference; lastKnownFileType = sourcecode.swift; path = AppDelegate.swift; sourceTree = "<group>"; };
		C61443342AD73DDF00152FDA /* SceneDelegate.swift */ = {isa = PBXFileReference; lastKnownFileType = sourcecode.swift; path = SceneDelegate.swift; sourceTree = "<group>"; };
		C61443362AD73DDF00152FDA /* ViewController.swift */ = {isa = PBXFileReference; lastKnownFileType = sourcecode.swift; path = ViewController.swift; sourceTree = "<group>"; };
		C61443392AD73DDF00152FDA /* Base */ = {isa = PBXFileReference; lastKnownFileType = file.storyboard; name = Base; path = Base.lproj/Main.storyboard; sourceTree = "<group>"; };
		C614433B2AD73DDF00152FDA /* Assets.xcassets */ = {isa = PBXFileReference; lastKnownFileType = folder.assetcatalog; path = Assets.xcassets; sourceTree = "<group>"; };
		C614433E2AD73DDF00152FDA /* Base */ = {isa = PBXFileReference; lastKnownFileType = file.storyboard; name = Base; path = Base.lproj/LaunchScreen.storyboard; sourceTree = "<group>"; };
		C61443402AD73DDF00152FDA /* Info.plist */ = {isa = PBXFileReference; lastKnownFileType = text.plist.xml; path = Info.plist; sourceTree = "<group>"; };
		C61443462AD73F9D00152FDA /* TopFreeApp.swift */ = {isa = PBXFileReference; lastKnownFileType = sourcecode.swift; path = TopFreeApp.swift; sourceTree = "<group>"; };
/* End PBXFileReference section */

/* Begin PBXFrameworksBuildPhase section */
		C614432C2AD73DDF00152FDA /* Frameworks */ = {
			isa = PBXFrameworksBuildPhase;
			buildActionMask = 2147483647;
			files = (
			);
			runOnlyForDeploymentPostprocessing = 0;
		};
/* End PBXFrameworksBuildPhase section */

/* Begin PBXGroup section */
		C61443262AD73DDF00152FDA = {
			isa = PBXGroup;
			children = (
				C61443312AD73DDF00152FDA /* TopFreeApp-Met2-Swift */,
				C61443302AD73DDF00152FDA /* Products */,
			);
			sourceTree = "<group>";
		};
		C61443302AD73DDF00152FDA /* Products */ = {
			isa = PBXGroup;
			children = (
				C614432F2AD73DDF00152FDA /* TopFreeApp-Met2-Swift.app */,
			);
			name = Products;
			sourceTree = "<group>";
		};
		C61443312AD73DDF00152FDA /* TopFreeApp-Met2-Swift */ = {
			isa = PBXGroup;
			children = (
				C61443322AD73DDF00152FDA /* AppDelegate.swift */,
				C61443342AD73DDF00152FDA /* SceneDelegate.swift */,
				C61443362AD73DDF00152FDA /* ViewController.swift */,
				C61443382AD73DDF00152FDA /* Main.storyboard */,
				C614433B2AD73DDF00152FDA /* Assets.xcassets */,
				C614433D2AD73DDF00152FDA /* LaunchScreen.storyboard */,
				C61443402AD73DDF00152FDA /* Info.plist */,
				C61443462AD73F9D00152FDA /* TopFreeApp.swift */,
			);
			path = "TopFreeApp-Met2-Swift";
			sourceTree = "<group>";
		};
/* End PBXGroup section */

/* Begin PBXNativeTarget section */
		C614432E2AD73DDF00152FDA /* TopFreeApp-Met2-Swift */ = {
			isa = PBXNativeTarget;
			buildConfigurationList = C61443432AD73DDF00152FDA /* Build configuration list for PBXNativeTarget "TopFreeApp-Met2-Swift" */;
			buildPhases = (
				C614432B2AD73DDF00152FDA /* Sources */,
				C614432C2AD73DDF00152FDA /* Frameworks */,
				C614432D2AD73DDF00152FDA /* Resources */,
			);
			buildRules = (
			);
			dependencies = (
			);
			name = "TopFreeApp-Met2-Swift";
			productName = "TopFreeApp-Met2-Swift";
			productReference = C614432F2AD73DDF00152FDA /* TopFreeApp-Met2-Swift.app */;
			productType = "com.apple.product-type.application";
		};
/* End PBXNativeTarget section */

/* Begin PBXProject section */
		C61443272AD73DDF00152FDA /* Project object */ = {
			isa = PBXProject;
			attributes = {
				BuildIndependentTargetsInParallel = 1;
				LastSwiftUpdateCheck = 1420;
				LastUpgradeCheck = 1420;
				TargetAttributes = {
					C614432E2AD73DDF00152FDA = {
						CreatedOnToolsVersion = 14.2;
					};
				};
			};
			buildConfigurationList = C614432A2AD73DDF00152FDA /* Build configuration list for PBXProject "TopFreeApp-Met2-Swift" */;
			compatibilityVersion = "Xcode 14.0";
			developmentRegion = en;
			hasScannedForEncodings = 0;
			knownRegions = (
				en,
				Base,
			);
			mainGroup = C61443262AD73DDF00152FDA;
			productRefGroup = C61443302AD73DDF00152FDA /* Products */;
			projectDirPath = "";
			projectRoot = "";
			targets = (
				C614432E2AD73DDF00152FDA /* TopFreeApp-Met2-Swift */,
			);
		};
/* End PBXProject section */

/* Begin PBXResourcesBuildPhase section */
		C614432D2AD73DDF00152FDA /* Resources */ = {
			isa = PBXResourcesBuildPhase;
			buildActionMask = 2147483647;
			files = (
				C614433F2AD73DDF00152FDA /* LaunchScreen.storyboard in Resources */,
				C614433C2AD73DDF00152FDA /* Assets.xcassets in Resources */,
				C614433A2AD73DDF00152FDA /* Main.storyboard in Resources */,
			);
			runOnlyForDeploymentPostprocessing = 0;
		};
/* End PBXResourcesBuildPhase section */

/* Begin PBXSourcesBuildPhase section */
		C614432B2AD73DDF00152FDA /* Sources */ = {
			isa = PBXSourcesBuildPhase;
			buildActionMask = 2147483647;
			files = (
				C61443372AD73DDF00152FDA /* ViewController.swift in Sources */,
				C61443472AD73F9D00152FDA /* TopFreeApp.swift in Sources */,
				C61443332AD73DDF00152FDA /* AppDelegate.swift in Sources */,
				C61443352AD73DDF00152FDA /* SceneDelegate.swift in Sources */,
			);
			runOnlyForDeploymentPostprocessing = 0;
		};
/* End PBXSourcesBuildPhase section */

/* Begin PBXVariantGroup section */
		C61443382AD73DDF00152FDA /* Main.storyboard */ = {
			isa = PBXVariantGroup;
			children = (
				C61443392AD73DDF00152FDA /* Base */,
			);
			name = Main.storyboard;
			sourceTree = "<group>";
		};
		C614433D2AD73DDF00152FDA /* LaunchScreen.storyboard */ = {
			isa = PBXVariantGroup;
			children = (
				C614433E2AD73DDF00152FDA /* Base */,
			);
			name = LaunchScreen.storyboard;
			sourceTree = "<group>";
		};
/* End PBXVariantGroup section */

/* Begin XCBuildConfiguration section */
		C61443412AD73DDF00152FDA /* Debug */ = {
			isa = XCBuildConfiguration;
			buildSettings = {
				ALWAYS_SEARCH_USER_PATHS = NO;
				CLANG_ANALYZER_NONNULL = YES;
				CLANG_ANALYZER_NUMBER_OBJECT_CONVERSION = YES_AGGRESSIVE;
				CLANG_CXX_LANGUAGE_STANDARD = "gnu++20";
				CLANG_ENABLE_MODULES = YES;
				CLANG_ENABLE_OBJC_ARC = YES;
				CLANG_ENABLE_OBJC_WEAK = YES;
				CLANG_WARN_BLOCK_CAPTURE_AUTORELEASING = YES;
				CLANG_WARN_BOOL_CONVERSION = YES;
				CLANG_WARN_COMMA = YES;
				CLANG_WARN_CONSTANT_CONVERSION = YES;
				CLANG_WARN_DEPRECATED_OBJC_IMPLEMENTATIONS = YES;
				CLANG_WARN_DIRECT_OBJC_ISA_USAGE = YES_ERROR;
				CLANG_WARN_DOCUMENTATION_COMMENTS = YES;
				CLANG_WARN_EMPTY_BODY = YES;
				CLANG_WARN_ENUM_CONVERSION = YES;
				CLANG_WARN_INFINITE_RECURSION = YES;
				CLANG_WARN_INT_CONVERSION = YES;
				CLANG_WARN_NON_LITERAL_NULL_CONVERSION = YES;
				CLANG_WARN_OBJC_IMPLICIT_RETAIN_SELF = YES;
				CLANG_WARN_OBJC_LITERAL_CONVERSION = YES;
				CLANG_WARN_OBJC_ROOT_CLASS = YES_ERROR;
				CLANG_WARN_QUOTED_INCLUDE_IN_FRAMEWORK_HEADER = YES;
				CLANG_WARN_RANGE_LOOP_ANALYSIS = YES;
				CLANG_WARN_STRICT_PROTOTYPES = YES;
				CLANG_WARN_SUSPICIOUS_MOVE = YES;
				CLANG_WARN_UNGUARDED_AVAILABILITY = YES_AGGRESSIVE;
				CLANG_WARN_UNREACHABLE_CODE = YES;
				CLANG_WARN__DUPLICATE_METHOD_MATCH = YES;
				COPY_PHASE_STRIP = NO;
				DEBUG_INFORMATION_FORMAT = dwarf;
				ENABLE_STRICT_OBJC_MSGSEND = YES;
				ENABLE_TESTABILITY = YES;
				GCC_C_LANGUAGE_STANDARD = gnu11;
				GCC_DYNAMIC_NO_PIC = NO;
				GCC_NO_COMMON_BLOCKS = YES;
				GCC_OPTIMIZATION_LEVEL = 0;
				GCC_PREPROCESSOR_DEFINITIONS = (
					"DEBUG=1",
					"$(inherited)",
				);
				GCC_WARN_64_TO_32_BIT_CONVERSION = YES;
				GCC_WARN_ABOUT_RETURN_TYPE = YES_ERROR;
				GCC_WARN_UNDECLARED_SELECTOR = YES;
				GCC_WARN_UNINITIALIZED_AUTOS = YES_AGGRESSIVE;
				GCC_WARN_UNUSED_FUNCTION = YES;
				GCC_WARN_UNUSED_VARIABLE = YES;
				IPHONEOS_DEPLOYMENT_TARGET = 16.2;
				MTL_ENABLE_DEBUG_INFO = INCLUDE_SOURCE;
				MTL_FAST_MATH = YES;
				ONLY_ACTIVE_ARCH = YES;
				SDKROOT = iphoneos;
				SWIFT_ACTIVE_COMPILATION_CONDITIONS = DEBUG;
				SWIFT_OPTIMIZATION_LEVEL = "-Onone";
			};
			name = Debug;
		};
		C61443422AD73DDF00152FDA /* Release */ = {
			isa = XCBuildConfiguration;
			buildSettings = {
				ALWAYS_SEARCH_USER_PATHS = NO;
				CLANG_ANALYZER_NONNULL = YES;
				CLANG_ANALYZER_NUMBER_OBJECT_CONVERSION = YES_AGGRESSIVE;
				CLANG_CXX_LANGUAGE_STANDARD = "gnu++20";
				CLANG_ENABLE_MODULES = YES;
				CLANG_ENABLE_OBJC_ARC = YES;
				CLANG_ENABLE_OBJC_WEAK = YES;
				CLANG_WARN_BLOCK_CAPTURE_AUTORELEASING = YES;
				CLANG_WARN_BOOL_CONVERSION = YES;
				CLANG_WARN_COMMA = YES;
				CLANG_WARN_CONSTANT_CONVERSION = YES;
				CLANG_WARN_DEPRECATED_OBJC_IMPLEMENTATIONS = YES;
				CLANG_WARN_DIRECT_OBJC_ISA_USAGE = YES_ERROR;
				CLANG_WARN_DOCUMENTATION_COMMENTS = YES;
				CLANG_WARN_EMPTY_BODY = YES;
				CLANG_WARN_ENUM_CONVERSION = YES;
				CLANG_WARN_INFINITE_RECURSION = YES;
				CLANG_WARN_INT_CONVERSION = YES;
				CLANG_WARN_NON_LITERAL_NULL_CONVERSION = YES;
				CLANG_WARN_OBJC_IMPLICIT_RETAIN_SELF = YES;
				CLANG_WARN_OBJC_LITERAL_CONVERSION = YES;
				CLANG_WARN_OBJC_ROOT_CLASS = YES_ERROR;
				CLANG_WARN_QUOTED_INCLUDE_IN_FRAMEWORK_HEADER = YES;
				CLANG_WARN_RANGE_LOOP_ANALYSIS = YES;
				CLANG_WARN_STRICT_PROTOTYPES = YES;
				CLANG_WARN_SUSPICIOUS_MOVE = YES;
				CLANG_WARN_UNGUARDED_AVAILABILITY = YES_AGGRESSIVE;
				CLANG_WARN_UNREACHABLE_CODE = YES;
				CLANG_WARN__DUPLICATE_METHOD_MATCH = YES;
				COPY_PHASE_STRIP = NO;
				DEBUG_INFORMATION_FORMAT = "dwarf-with-dsym";
				ENABLE_NS_ASSERTIONS = NO;
				ENABLE_STRICT_OBJC_MSGSEND = YES;
				GCC_C_LANGUAGE_STANDARD = gnu11;
				GCC_NO_COMMON_BLOCKS = YES;
				GCC_WARN_64_TO_32_BIT_CONVERSION = YES;
				GCC_WARN_ABOUT_RETURN_TYPE = YES_ERROR;
				GCC_WARN_UNDECLARED_SELECTOR = YES;
				GCC_WARN_UNINITIALIZED_AUTOS = YES_AGGRESSIVE;
				GCC_WARN_UNUSED_FUNCTION = YES;
				GCC_WARN_UNUSED_VARIABLE = YES;
				IPHONEOS_DEPLOYMENT_TARGET = 16.2;
				MTL_ENABLE_DEBUG_INFO = NO;
				MTL_FAST_MATH = YES;
				SDKROOT = iphoneos;
				SWIFT_COMPILATION_MODE = wholemodule;
				SWIFT_OPTIMIZATION_LEVEL = "-O";
				VALIDATE_PRODUCT = YES;
			};
			name = Release;
		};
		C61443442AD73DDF00152FDA /* Debug */ = {
			isa = XCBuildConfiguration;
			buildSettings = {
				ASSETCATALOG_COMPILER_APPICON_NAME = AppIcon;
				ASSETCATALOG_COMPILER_GLOBAL_ACCENT_COLOR_NAME = AccentColor;
				CODE_SIGN_STYLE = Automatic;
				CURRENT_PROJECT_VERSION = 1;
				DEVELOPMENT_TEAM = 2AWZ8AKM2L;
				GENERATE_INFOPLIST_FILE = YES;
				INFOPLIST_FILE = "TopFreeApp-Met2-Swift/Info.plist";
				INFOPLIST_KEY_UIApplicationSupportsIndirectInputEvents = YES;
				INFOPLIST_KEY_UILaunchStoryboardName = LaunchScreen;
				INFOPLIST_KEY_UIMainStoryboardFile = Main;
				INFOPLIST_KEY_UISupportedInterfaceOrientations_iPad = "UIInterfaceOrientationPortrait UIInterfaceOrientationPortraitUpsideDown UIInterfaceOrientationLandscapeLeft UIInterfaceOrientationLandscapeRight";
				INFOPLIST_KEY_UISupportedInterfaceOrientations_iPhone = "UIInterfaceOrientationPortrait UIInterfaceOrientationLandscapeLeft UIInterfaceOrientationLandscapeRight";
				LD_RUNPATH_SEARCH_PATHS = (
					"$(inherited)",
					"@executable_path/Frameworks",
				);
				MARKETING_VERSION = 1.0;
				PRODUCT_BUNDLE_IDENTIFIER = "br.com.fiap.TopFreeApp-Met2-Swift";
				PRODUCT_NAME = "$(TARGET_NAME)";
				SWIFT_EMIT_LOC_STRINGS = YES;
				SWIFT_VERSION = 5.0;
				TARGETED_DEVICE_FAMILY = "1,2";
			};
			name = Debug;
		};
		C61443452AD73DDF00152FDA /* Release */ = {
			isa = XCBuildConfiguration;
			buildSettings = {
				ASSETCATALOG_COMPILER_APPICON_NAME = AppIcon;
				ASSETCATALOG_COMPILER_GLOBAL_ACCENT_COLOR_NAME = AccentColor;
				CODE_SIGN_STYLE = Automatic;
				CURRENT_PROJECT_VERSION = 1;
				DEVELOPMENT_TEAM = 2AWZ8AKM2L;
				GENERATE_INFOPLIST_FILE = YES;
				INFOPLIST_FILE = "TopFreeApp-Met2-Swift/Info.plist";
				INFOPLIST_KEY_UIApplicationSupportsIndirectInputEvents = YES;
				INFOPLIST_KEY_UILaunchStoryboardName = LaunchScreen;
				INFOPLIST_KEY_UIMainStoryboardFile = Main;
				INFOPLIST_KEY_UISupportedInterfaceOrientations_iPad = "UIInterfaceOrientationPortrait UIInterfaceOrientationPortraitUpsideDown UIInterfaceOrientationLandscapeLeft UIInterfaceOrientationLandscapeRight";
				INFOPLIST_KEY_UISupportedInterfaceOrientations_iPhone = "UIInterfaceOrientationPortrait UIInterfaceOrientationLandscapeLeft UIInterfaceOrientationLandscapeRight";
				LD_RUNPATH_SEARCH_PATHS = (
					"$(inherited)",
					"@executable_path/Frameworks",
				);
				MARKETING_VERSION = 1.0;
				PRODUCT_BUNDLE_IDENTIFIER = "br.com.fiap.TopFreeApp-Met2-Swift";
				PRODUCT_NAME = "$(TARGET_NAME)";
				SWIFT_EMIT_LOC_STRINGS = YES;
				SWIFT_VERSION = 5.0;
				TARGETED_DEVICE_FAMILY = "1,2";
			};
			name = Release;
		};
/* End XCBuildConfiguration section */

/* Begin XCConfigurationList section */
		C614432A2AD73DDF00152FDA /* Build configuration list for PBXProject "TopFreeApp-Met2-Swift" */ = {
			isa = XCConfigurationList;
			buildConfigurations = (
				C61443412AD73DDF00152FDA /* Debug */,
				C61443422AD73DDF00152FDA /* Release */,
			);
			defaultConfigurationIsVisible = 0;
			defaultConfigurationName = Release;
		};
		C61443432AD73DDF00152FDA /* Build configuration list for PBXNativeTarget "TopFreeApp-Met2-Swift" */ = {
			isa = XCConfigurationList;
			buildConfigurations = (
				C61443442AD73DDF00152FDA /* Debug */,
				C61443452AD73DDF00152FDA /* Release */,
			);
			defaultConfigurationIsVisible = 0;
			defaultConfigurationName = Release;
		};
/* End XCConfigurationList section */
	};
	rootObject = C61443272AD73DDF00152FDA /* Project object */;
}
